// !$*UTF8*$!
{
	archiveVersion = 1;
	classes = {
	};
	objectVersion = 46;
	objects = {

/* Begin PBXBuildFile section */
		A58310721C82533E0018825A /* main.m in Sources */ = {isa = PBXBuildFile; fileRef = A58310711C82533E0018825A /* main.m */; };
		A58310751C82533E0018825A /* AppDelegate.m in Sources */ = {isa = PBXBuildFile; fileRef = A58310741C82533E0018825A /* AppDelegate.m */; };
		A583107B1C82533E0018825A /* Main.storyboard in Resources */ = {isa = PBXBuildFile; fileRef = A58310791C82533E0018825A /* Main.storyboard */; };
		A583107D1C82533E0018825A /* Assets.xcassets in Resources */ = {isa = PBXBuildFile; fileRef = A583107C1C82533E0018825A /* Assets.xcassets */; };
		A58310801C82533E0018825A /* LaunchScreen.storyboard in Resources */ = {isa = PBXBuildFile; fileRef = A583107E1C82533E0018825A /* LaunchScreen.storyboard */; };
		A58310891C8258AA0018825A /* SelectPresetViewController.m in Sources */ = {isa = PBXBuildFile; fileRef = A58310881C8258AA0018825A /* SelectPresetViewController.m */; };
/* End PBXBuildFile section */

/* Begin PBXFileReference section */
		A583106D1C82533E0018825A /* ParticleDemo.app */ = {isa = PBXFileReference; explicitFileType = wrapper.application; includeInIndex = 0; path = ParticleDemo.app; sourceTree = BUILT_PRODUCTS_DIR; };
		A58310711C82533E0018825A /* main.m */ = {isa = PBXFileReference; lastKnownFileType = sourcecode.c.objc; path = main.m; sourceTree = "<group>"; };
		A58310731C82533E0018825A /* AppDelegate.h */ = {isa = PBXFileReference; lastKnownFileType = sourcecode.c.h; path = AppDelegate.h; sourceTree = "<group>"; };
		A58310741C82533E0018825A /* AppDelegate.m */ = {isa = PBXFileReference; lastKnownFileType = sourcecode.c.objc; path = AppDelegate.m; sourceTree = "<group>"; };
		A583107A1C82533E0018825A /* Base */ = {isa = PBXFileReference; lastKnownFileType = file.storyboard; name = Base; path = Base.lproj/Main.storyboard; sourceTree = "<group>"; };
		A583107C1C82533E0018825A /* Assets.xcassets */ = {isa = PBXFileReference; lastKnownFileType = folder.assetcatalog; path = Assets.xcassets; sourceTree = "<group>"; };
		A583107F1C82533E0018825A /* Base */ = {isa = PBXFileReference; lastKnownFileType = file.storyboard; name = Base; path = Base.lproj/LaunchScreen.storyboard; sourceTree = "<group>"; };
		A58310811C82533E0018825A /* Info.plist */ = {isa = PBXFileReference; lastKnownFileType = text.plist.xml; path = Info.plist; sourceTree = "<group>"; };
		A58310871C8258AA0018825A /* SelectPresetViewController.h */ = {isa = PBXFileReference; fileEncoding = 4; lastKnownFileType = sourcecode.c.h; path = SelectPresetViewController.h; sourceTree = "<group>"; };
		A58310881C8258AA0018825A /* SelectPresetViewController.m */ = {isa = PBXFileReference; fileEncoding = 4; lastKnownFileType = sourcecode.c.objc; path = SelectPresetViewController.m; sourceTree = "<group>"; };
/* End PBXFileReference section */

/* Begin PBXFrameworksBuildPhase section */
		A583106A1C82533E0018825A /* Frameworks */ = {
			isa = PBXFrameworksBuildPhase;
			buildActionMask = 2147483647;
			files = (
			);
			runOnlyForDeploymentPostprocessing = 0;
		};
/* End PBXFrameworksBuildPhase section */

/* Begin PBXGroup section */
		A58310641C82533E0018825A = {
			isa = PBXGroup;
			children = (
				A583106F1C82533E0018825A /* ParticleDemo */,
				A583106E1C82533E0018825A /* Products */,
			);
			sourceTree = "<group>";
		};
		A583106E1C82533E0018825A /* Products */ = {
			isa = PBXGroup;
			children = (
				A583106D1C82533E0018825A /* ParticleDemo.app */,
			);
			name = Products;
			sourceTree = "<group>";
		};
		A583106F1C82533E0018825A /* ParticleDemo */ = {
			isa = PBXGroup;
			children = (
				A58310731C82533E0018825A /* AppDelegate.h */,
				A58310741C82533E0018825A /* AppDelegate.m */,
				A58310871C8258AA0018825A /* SelectPresetViewController.h */,
				A58310881C8258AA0018825A /* SelectPresetViewController.m */,
				A58310791C82533E0018825A /* Main.storyboard */,
				A583107C1C82533E0018825A /* Assets.xcassets */,
				A583107E1C82533E0018825A /* LaunchScreen.storyboard */,
				A58310811C82533E0018825A /* Info.plist */,
				A58310701C82533E0018825A /* Supporting Files */,
			);
			path = ParticleDemo;
			sourceTree = "<group>";
		};
		A58310701C82533E0018825A /* Supporting Files */ = {
			isa = PBXGroup;
			children = (
				A58310711C82533E0018825A /* main.m */,
			);
			name = "Supporting Files";
			sourceTree = "<group>";
		};
/* End PBXGroup section */

/* Begin PBXNativeTarget section */
		A583106C1C82533E0018825A /* ParticleDemo */ = {
			isa = PBXNativeTarget;
			buildConfigurationList = A58310841C82533E0018825A /* Build configuration list for PBXNativeTarget "ParticleDemo" */;
			buildPhases = (
				A58310691C82533E0018825A /* Sources */,
				A583106A1C82533E0018825A /* Frameworks */,
				A583106B1C82533E0018825A /* Resources */,
			);
			buildRules = (
			);
			dependencies = (
			);
			name = ParticleDemo;
			productName = ParticleDemo;
			productReference = A583106D1C82533E0018825A /* ParticleDemo.app */;
			productType = "com.apple.product-type.application";
		};
/* End PBXNativeTarget section */

/* Begin PBXProject section */
		A58310651C82533E0018825A /* Project object */ = {
			isa = PBXProject;
			attributes = {
				LastUpgradeCheck = 0710;
				ORGANIZATIONNAME = VossWareLLC;
				TargetAttributes = {
					A583106C1C82533E0018825A = {
						CreatedOnToolsVersion = 7.1.1;
					};
				};
			};
			buildConfigurationList = A58310681C82533E0018825A /* Build configuration list for PBXProject "ParticleDemo" */;
			compatibilityVersion = "Xcode 3.2";
			developmentRegion = English;
			hasScannedForEncodings = 0;
			knownRegions = (
				en,
				Base,
			);
			mainGroup = A58310641C82533E0018825A;
			productRefGroup = A583106E1C82533E0018825A /* Products */;
			projectDirPath = "";
			projectRoot = "";
			targets = (
				A583106C1C82533E0018825A /* ParticleDemo */,
			);
		};
/* End PBXProject section */

/* Begin PBXResourcesBuildPhase section */
		A583106B1C82533E0018825A /* Resources */ = {
			isa = PBXResourcesBuildPhase;
			buildActionMask = 2147483647;
			files = (
				A58310801C82533E0018825A /* LaunchScreen.storyboard in Resources */,
				A583107D1C82533E0018825A /* Assets.xcassets in Resources */,
				A583107B1C82533E0018825A /* Main.storyboard in Resources */,
			);
			runOnlyForDeploymentPostprocessing = 0;
		};
/* End PBXResourcesBuildPhase section */

/* Begin PBXSourcesBuildPhase section */
		A58310691C82533E0018825A /* Sources */ = {
			isa = PBXSourcesBuildPhase;
			buildActionMask = 2147483647;
			files = (
				A58310751C82533E0018825A /* AppDelegate.m in Sources */,
				A58310721C82533E0018825A /* main.m in Sources */,
				A58310891C8258AA0018825A /* SelectPresetViewController.m in Sources */,
			);
			runOnlyForDeploymentPostprocessing = 0;
		};
/* End PBXSourcesBuildPhase section */

/* Begin PBXVariantGroup section */
		A58310791C82533E0018825A /* Main.storyboard */ = {
			isa = PBXVariantGroup;
			children = (
				A583107A1C82533E0018825A /* Base */,
			);
			name = Main.storyboard;
			sourceTree = "<group>";
		};
		A583107E1C82533E0018825A /* LaunchScreen.storyboard */ = {
			isa = PBXVariantGroup;
			children = (
				A583107F1C82533E0018825A /* Base */,
			);
			name = LaunchScreen.storyboard;
			sourceTree = "<group>";
		};
/* End PBXVariantGroup section */

/* Begin XCBuildConfiguration section */
		A58310821C82533E0018825A /* Debug */ = {
			isa = XCBuildConfiguration;
			buildSettings = {
				ALWAYS_SEARCH_USER_PATHS = NO;
				CLANG_CXX_LANGUAGE_STANDARD = "gnu++0x";
				CLANG_CXX_LIBRARY = "libc++";
				CLANG_ENABLE_MODULES = YES;
				CLANG_ENABLE_OBJC_ARC = YES;
				CLANG_WARN_BOOL_CONVERSION = YES;
				CLANG_WARN_CONSTANT_CONVERSION = YES;
				CLANG_WARN_DIRECT_OBJC_ISA_USAGE = YES_ERROR;
				CLANG_WARN_EMPTY_BODY = YES;
				CLANG_WARN_ENUM_CONVERSION = YES;
				CLANG_WARN_INT_CONVERSION = YES;
				CLANG_WARN_OBJC_ROOT_CLASS = YES_ERROR;
				CLANG_WARN_UNREACHABLE_CODE = YES;
				CLANG_WARN__DUPLICATE_METHOD_MATCH = YES;
				"CODE_SIGN_IDENTITY[sdk=iphoneos*]" = "iPhone Developer";
				COPY_PHASE_STRIP = NO;
				DEBUG_INFORMATION_FORMAT = dwarf;
				ENABLE_STRICT_OBJC_MSGSEND = YES;
				ENABLE_TESTABILITY = YES;
				GCC_C_LANGUAGE_STANDARD = gnu99;
				GCC_DYNAMIC_NO_PIC = NO;
				GCC_NO_COMMON_BLOCKS = YES;
				GCC_OPTIMIZATION_LEVEL = 0;
				GCC_PREPROCESSOR_DEFINITIONS = (
					"DEBUG=1",
					"$(inherited)",
				);
				GCC_WARN_64_TO_32_BIT_CONVERSION = YES;
				GCC_WARN_ABOUT_RETURN_TYPE = YES_ERROR;
				GCC_WARN_UNDECLARED_SELECTOR = YES;
				GCC_WARN_UNINITIALIZED_AUTOS = YES_AGGRESSIVE;
				GCC_WARN_UNUSED_FUNCTION = YES;
				GCC_WARN_UNUSED_VARIABLE = YES;
				IPHONEOS_DEPLOYMENT_TARGET = 9.1;
				MTL_ENABLE_DEBUG_INFO = YES;
				ONLY_ACTIVE_ARCH = YES;
				SDKROOT = iphoneos;
			};
			name = Debug;
		};
		A58310831C82533E0018825A /* Release */ = {
			isa = XCBuildConfiguration;
			buildSettings = {
				ALWAYS_SEARCH_USER_PATHS = NO;
				CLANG_CXX_LANGUAGE_STANDARD = "gnu++0x";
				CLANG_CXX_LIBRARY = "libc++";
				CLANG_ENABLE_MODULES = YES;
				CLANG_ENABLE_OBJC_ARC = YES;
				CLANG_WARN_BOOL_CONVERSION = YES;
				CLANG_WARN_CONSTANT_CONVERSION = YES;
				CLANG_WARN_DIRECT_OBJC_ISA_USAGE = YES_ERROR;
				CLANG_WARN_EMPTY_BODY = YES;
				CLANG_WARN_ENUM_CONVERSION = YES;
				CLANG_WARN_INT_CONVERSION = YES;
				CLANG_WARN_OBJC_ROOT_CLASS = YES_ERROR;
				CLANG_WARN_UNREACHABLE_CODE = YES;
				CLANG_WARN__DUPLICATE_METHOD_MATCH = YES;
				"CODE_SIGN_IDENTITY[sdk=iphoneos*]" = "iPhone Developer";
				COPY_PHASE_STRIP = NO;
				DEBUG_INFORMATION_FORMAT = "dwarf-with-dsym";
				ENABLE_NS_ASSERTIONS = NO;
				ENABLE_STRICT_OBJC_MSGSEND = YES;
				GCC_C_LANGUAGE_STANDARD = gnu99;
				GCC_NO_COMMON_BLOCKS = YES;
				GCC_WARN_64_TO_32_BIT_CONVERSION = YES;
				GCC_WARN_ABOUT_RETURN_TYPE = YES_ERROR;
				GCC_WARN_UNDECLARED_SELECTOR = YES;
				GCC_WARN_UNINITIALIZED_AUTOS = YES_AGGRESSIVE;
				GCC_WARN_UNUSED_FUNCTION = YES;
				GCC_WARN_UNUSED_VARIABLE = YES;
				IPHONEOS_DEPLOYMENT_TARGET = 9.1;
				MTL_ENABLE_DEBUG_INFO = NO;
				SDKROOT = iphoneos;
				VALIDATE_PRODUCT = YES;
			};
			name = Release;
		};
		A58310851C82533E0018825A /* Debug */ = {
			isa = XCBuildConfiguration;
			buildSettings = {
				ASSETCATALOG_COMPILER_APPICON_NAME = AppIcon;
				INFOPLIST_FILE = ParticleDemo/Info.plist;
				LD_RUNPATH_SEARCH_PATHS = "$(inherited) @executable_path/Frameworks";
				PRODUCT_BUNDLE_IDENTIFIER = com.vosswarellc.ios.ParticleDemo;
				PRODUCT_NAME = "$(TARGET_NAME)";
			};
			name = Debug;
		};
		A58310861C82533E0018825A /* Release */ = {
			isa = XCBuildConfiguration;
			buildSettings = {
				ASSETCATALOG_COMPILER_APPICON_NAME = AppIcon;
				INFOPLIST_FILE = ParticleDemo/Info.plist;
				LD_RUNPATH_SEARCH_PATHS = "$(inherited) @executable_path/Frameworks";
				PRODUCT_BUNDLE_IDENTIFIER = com.vosswarellc.ios.ParticleDemo;
				PRODUCT_NAME = "$(TARGET_NAME)";
			};
			name = Release;
		};
/* End XCBuildConfiguration section */

/* Begin XCConfigurationList section */
		A58310681C82533E0018825A /* Build configuration list for PBXProject "ParticleDemo" */ = {
			isa = XCConfigurationList;
			buildConfigurations = (
				A58310821C82533E0018825A /* Debug */,
				A58310831C82533E0018825A /* Release */,
			);
			defaultConfigurationIsVisible = 0;
			defaultConfigurationName = Release;
		};
		A58310841C82533E0018825A /* Build configuration list for PBXNativeTarget "ParticleDemo" */ = {
			isa = XCConfigurationList;
			buildConfigurations = (
				A58310851C82533E0018825A /* Debug */,
				A58310861C82533E0018825A /* Release */,
			);
			defaultConfigurationIsVisible = 0;
		};
/* End XCConfigurationList section */
	};
	rootObject = A58310651C82533E0018825A /* Project object */;
}
